
Microsoft Visual Studio Solution File, Format Version 12.00
# Visual Studio Version 17
VisualStudioVersion = 17.4.33110.190
MinimumVisualStudioVersion = 10.0.40219.1
Project("{FAE04EC0-301F-11D3-BF4B-00C04F79EFBC}") = "Entities", "Entities\Entities.csproj", "{B577EB66-3804-4A38-93FF-BF4739A34651}"
EndProject
Project("{FAE04EC0-301F-11D3-BF4B-00C04F79EFBC}") = "DataAccess", "DataAccess\DataAccess.csproj", "{810EC5B6-2B0D-4CA1-AB0D-C50027E744F2}"
EndProject
Project("{FAE04EC0-301F-11D3-BF4B-00C04F79EFBC}") = "Business", "Business\Business.csproj", "{BEFE27B6-A267-42EA-8CCF-298CE70142EB}"
EndProject
Project("{FAE04EC0-301F-11D3-BF4B-00C04F79EFBC}") = "Core", "Core\Core.csproj", "{5038F4CD-0EF4-405F-8D02-9397FF2AB9BB}"
EndProject
Global
	GlobalSection(SolutionConfigurationPlatforms) = preSolution
		Debug|Any CPU = Debug|Any CPU
		Release|Any CPU = Release|Any CPU
	EndGlobalSection
	GlobalSection(ProjectConfigurationPlatforms) = postSolution
		{B577EB66-3804-4A38-93FF-BF4739A34651}.Debug|Any CPU.ActiveCfg = Debug|Any CPU
		{B577EB66-3804-4A38-93FF-BF4739A34651}.Debug|Any CPU.Build.0 = Debug|Any CPU
		{B577EB66-3804-4A38-93FF-BF4739A34651}.Release|Any CPU.ActiveCfg = Release|Any CPU
		{B577EB66-3804-4A38-93FF-BF4739A34651}.Release|Any CPU.Build.0 = Release|Any CPU
		{810EC5B6-2B0D-4CA1-AB0D-C50027E744F2}.Debug|Any CPU.ActiveCfg = Debug|Any CPU
		{810EC5B6-2B0D-4CA1-AB0D-C50027E744F2}.Debug|Any CPU.Build.0 = Debug|Any CPU
		{810EC5B6-2B0D-4CA1-AB0D-C50027E744F2}.Release|Any CPU.ActiveCfg = Release|Any CPU
		{810EC5B6-2B0D-4CA1-AB0D-C50027E744F2}.Release|Any CPU.Build.0 = Release|Any CPU
		{BEFE27B6-A267-42EA-8CCF-298CE70142EB}.Debug|Any CPU.ActiveCfg = Debug|Any CPU
		{BEFE27B6-A267-42EA-8CCF-298CE70142EB}.Debug|Any CPU.Build.0 = Debug|Any CPU
		{BEFE27B6-A267-42EA-8CCF-298CE70142EB}.Release|Any CPU.ActiveCfg = Release|Any CPU
		{BEFE27B6-A267-42EA-8CCF-298CE70142EB}.Release|Any CPU.Build.0 = Release|Any CPU
		{5038F4CD-0EF4-405F-8D02-9397FF2AB9BB}.Debug|Any CPU.ActiveCfg = Debug|Any CPU
		{5038F4CD-0EF4-405F-8D02-9397FF2AB9BB}.Debug|Any CPU.Build.0 = Debug|Any CPU
		{5038F4CD-0EF4-405F-8D02-9397FF2AB9BB}.Release|Any CPU.ActiveCfg = Release|Any CPU
		{5038F4CD-0EF4-405F-8D02-9397FF2AB9BB}.Release|Any CPU.Build.0 = Release|Any CPU
	EndGlobalSection
	GlobalSection(SolutionProperties) = preSolution
		HideSolutionNode = FALSE
	EndGlobalSection
	GlobalSection(ExtensibilityGlobals) = postSolution
		SolutionGuid = {8F0384C2-8976-4538-B516-8552ACB846A0}
	EndGlobalSection
EndGlobal
